--- 
dependencies: 
  haml: 
    group: 
    - :default
    version: = 3.0.6
  sinatra: 
    group: 
    - :default
    version: = 1.0.0
  hpricot: 
    group: 
    - :default
    version: = 0.8.2
specs: 
- haml: 
    version: 3.0.6
- hpricot: 
    version: 0.8.2
- rack: 
    version: 1.1.0
- sinatra: 
    version: "1.0"
hash: f0576371bb3bd3cbfd38f9e105041063189b641a
sources: 
- Rubygems: 
    uri: http://gemcutter.org
